// !$*UTF8*$!
{
	archiveVersion = 1;
	classes = {
	};
	objectVersion = 55;
	objects = {

/* Begin PBXBuildFile section */
		B531992B280E078500016246 /* PodcastApp.swift in Sources */ = {isa = PBXBuildFile; fileRef = B531992A280E078500016246 /* PodcastApp.swift */; };
		B531992F280E078500016246 /* Assets.xcassets in Resources */ = {isa = PBXBuildFile; fileRef = B531992E280E078500016246 /* Assets.xcassets */; };
		B5319932280E078500016246 /* Preview Assets.xcassets in Resources */ = {isa = PBXBuildFile; fileRef = B5319931280E078500016246 /* Preview Assets.xcassets */; };
		B5319939280E0A2100016246 /* TabbarView.swift in Sources */ = {isa = PBXBuildFile; fileRef = B5319938280E0A2100016246 /* TabbarView.swift */; };
		B531993C280E0AD000016246 /* BrowseView.swift in Sources */ = {isa = PBXBuildFile; fileRef = B531993B280E0AD000016246 /* BrowseView.swift */; };
		B531993E280E0AF400016246 /* ListenNowView.swift in Sources */ = {isa = PBXBuildFile; fileRef = B531993D280E0AF400016246 /* ListenNowView.swift */; };
		B5319942280E0E8300016246 /* SectionHeaderView.swift in Sources */ = {isa = PBXBuildFile; fileRef = B5319941280E0E8300016246 /* SectionHeaderView.swift */; };
		B5319945280E117200016246 /* FeaturedView.swift in Sources */ = {isa = PBXBuildFile; fileRef = B5319944280E117200016246 /* FeaturedView.swift */; };
		B5319948280E154B00016246 /* FeaturedScrollView.swift in Sources */ = {isa = PBXBuildFile; fileRef = B5319947280E154B00016246 /* FeaturedScrollView.swift */; };
		B531994C280E15A200016246 /* Featured.swift in Sources */ = {isa = PBXBuildFile; fileRef = B531994B280E15A200016246 /* Featured.swift */; };
		B531994E280E4F8C00016246 /* RecentView.swift in Sources */ = {isa = PBXBuildFile; fileRef = B531994D280E4F8C00016246 /* RecentView.swift */; };
		B5319950280E516E00016246 /* Recent.swift in Sources */ = {isa = PBXBuildFile; fileRef = B531994F280E516E00016246 /* Recent.swift */; };
		B5319952280E528000016246 /* RecentScrollView.swift in Sources */ = {isa = PBXBuildFile; fileRef = B5319951280E528000016246 /* RecentScrollView.swift */; };
		B5319954280E5C4400016246 /* FeaturedChannelView.swift in Sources */ = {isa = PBXBuildFile; fileRef = B5319953280E5C4400016246 /* FeaturedChannelView.swift */; };
		B5319957280E5E2200016246 /* FeaturedChannelsScrollView.swift in Sources */ = {isa = PBXBuildFile; fileRef = B5319956280E5E2200016246 /* FeaturedChannelsScrollView.swift */; };
		B5319959280E5E5F00016246 /* ChannelInfo.swift in Sources */ = {isa = PBXBuildFile; fileRef = B5319958280E5E5F00016246 /* ChannelInfo.swift */; };
		B531995D280E845A00016246 /* View+Extension.swift in Sources */ = {isa = PBXBuildFile; fileRef = B531995C280E845A00016246 /* View+Extension.swift */; };
		B531995F280E856E00016246 /* TopEpisodesView.swift in Sources */ = {isa = PBXBuildFile; fileRef = B531995E280E856E00016246 /* TopEpisodesView.swift */; };
		B5319961280E897600016246 /* EpisodesView.swift in Sources */ = {isa = PBXBuildFile; fileRef = B5319960280E897600016246 /* EpisodesView.swift */; };
		B5319963280E98DF00016246 /* PlayingView.swift in Sources */ = {isa = PBXBuildFile; fileRef = B5319962280E98DF00016246 /* PlayingView.swift */; };
		B5DE033D282D43BF00EF19D5 /* PlayerView.swift in Sources */ = {isa = PBXBuildFile; fileRef = B5DE033C282D43BF00EF19D5 /* PlayerView.swift */; };
		B5DE033F282D468E00EF19D5 /* MusicSlider.swift in Sources */ = {isa = PBXBuildFile; fileRef = B5DE033E282D468E00EF19D5 /* MusicSlider.swift */; };
		B5DE0341282E286300EF19D5 /* PlayControlView.swift in Sources */ = {isa = PBXBuildFile; fileRef = B5DE0340282E286300EF19D5 /* PlayControlView.swift */; };
/* End PBXBuildFile section */

/* Begin PBXFileReference section */
		B5319927280E078500016246 /* Podcast.app */ = {isa = PBXFileReference; explicitFileType = wrapper.application; includeInIndex = 0; path = Podcast.app; sourceTree = BUILT_PRODUCTS_DIR; };
		B531992A280E078500016246 /* PodcastApp.swift */ = {isa = PBXFileReference; lastKnownFileType = sourcecode.swift; path = PodcastApp.swift; sourceTree = "<group>"; };
		B531992E280E078500016246 /* Assets.xcassets */ = {isa = PBXFileReference; lastKnownFileType = folder.assetcatalog; path = Assets.xcassets; sourceTree = "<group>"; };
		B5319931280E078500016246 /* Preview Assets.xcassets */ = {isa = PBXFileReference; lastKnownFileType = folder.assetcatalog; path = "Preview Assets.xcassets"; sourceTree = "<group>"; };
		B5319938280E0A2100016246 /* TabbarView.swift */ = {isa = PBXFileReference; lastKnownFileType = sourcecode.swift; path = TabbarView.swift; sourceTree = "<group>"; };
		B531993B280E0AD000016246 /* BrowseView.swift */ = {isa = PBXFileReference; lastKnownFileType = sourcecode.swift; path = BrowseView.swift; sourceTree = "<group>"; };
		B531993D280E0AF400016246 /* ListenNowView.swift */ = {isa = PBXFileReference; lastKnownFileType = sourcecode.swift; path = ListenNowView.swift; sourceTree = "<group>"; };
		B5319941280E0E8300016246 /* SectionHeaderView.swift */ = {isa = PBXFileReference; lastKnownFileType = sourcecode.swift; path = SectionHeaderView.swift; sourceTree = "<group>"; };
		B5319944280E117200016246 /* FeaturedView.swift */ = {isa = PBXFileReference; lastKnownFileType = sourcecode.swift; path = FeaturedView.swift; sourceTree = "<group>"; };
		B5319947280E154B00016246 /* FeaturedScrollView.swift */ = {isa = PBXFileReference; lastKnownFileType = sourcecode.swift; path = FeaturedScrollView.swift; sourceTree = "<group>"; };
		B531994B280E15A200016246 /* Featured.swift */ = {isa = PBXFileReference; lastKnownFileType = sourcecode.swift; path = Featured.swift; sourceTree = "<group>"; };
		B531994D280E4F8C00016246 /* RecentView.swift */ = {isa = PBXFileReference; lastKnownFileType = sourcecode.swift; path = RecentView.swift; sourceTree = "<group>"; };
		B531994F280E516E00016246 /* Recent.swift */ = {isa = PBXFileReference; lastKnownFileType = sourcecode.swift; path = Recent.swift; sourceTree = "<group>"; };
		B5319951280E528000016246 /* RecentScrollView.swift */ = {isa = PBXFileReference; lastKnownFileType = sourcecode.swift; path = RecentScrollView.swift; sourceTree = "<group>"; };
		B5319953280E5C4400016246 /* FeaturedChannelView.swift */ = {isa = PBXFileReference; lastKnownFileType = sourcecode.swift; path = FeaturedChannelView.swift; sourceTree = "<group>"; };
		B5319956280E5E2200016246 /* FeaturedChannelsScrollView.swift */ = {isa = PBXFileReference; lastKnownFileType = sourcecode.swift; path = FeaturedChannelsScrollView.swift; sourceTree = "<group>"; };
		B5319958280E5E5F00016246 /* ChannelInfo.swift */ = {isa = PBXFileReference; lastKnownFileType = sourcecode.swift; path = ChannelInfo.swift; sourceTree = "<group>"; };
		B531995C280E845A00016246 /* View+Extension.swift */ = {isa = PBXFileReference; lastKnownFileType = sourcecode.swift; path = "View+Extension.swift"; sourceTree = "<group>"; };
		B531995E280E856E00016246 /* TopEpisodesView.swift */ = {isa = PBXFileReference; lastKnownFileType = sourcecode.swift; path = TopEpisodesView.swift; sourceTree = "<group>"; };
		B5319960280E897600016246 /* EpisodesView.swift */ = {isa = PBXFileReference; lastKnownFileType = sourcecode.swift; path = EpisodesView.swift; sourceTree = "<group>"; };
		B5319962280E98DF00016246 /* PlayingView.swift */ = {isa = PBXFileReference; lastKnownFileType = sourcecode.swift; path = PlayingView.swift; sourceTree = "<group>"; };
		B5DE033C282D43BF00EF19D5 /* PlayerView.swift */ = {isa = PBXFileReference; lastKnownFileType = sourcecode.swift; path = PlayerView.swift; sourceTree = "<group>"; };
		B5DE033E282D468E00EF19D5 /* MusicSlider.swift */ = {isa = PBXFileReference; lastKnownFileType = sourcecode.swift; path = MusicSlider.swift; sourceTree = "<group>"; };
		B5DE0340282E286300EF19D5 /* PlayControlView.swift */ = {isa = PBXFileReference; lastKnownFileType = sourcecode.swift; path = PlayControlView.swift; sourceTree = "<group>"; };
/* End PBXFileReference section */

/* Begin PBXFrameworksBuildPhase section */
		B5319924280E078500016246 /* Frameworks */ = {
			isa = PBXFrameworksBuildPhase;
			buildActionMask = 2147483647;
			files = (
			);
			runOnlyForDeploymentPostprocessing = 0;
		};
/* End PBXFrameworksBuildPhase section */

/* Begin PBXGroup section */
		B531991E280E078500016246 = {
			isa = PBXGroup;
			children = (
				B5319929280E078500016246 /* Podcast */,
				B5319928280E078500016246 /* Products */,
			);
			sourceTree = "<group>";
		};
		B5319928280E078500016246 /* Products */ = {
			isa = PBXGroup;
			children = (
				B5319927280E078500016246 /* Podcast.app */,
			);
			name = Products;
			sourceTree = "<group>";
		};
		B5319929280E078500016246 /* Podcast */ = {
			isa = PBXGroup;
			children = (
				B531995A280E844A00016246 /* Global */,
				B531994A280E159200016246 /* Models */,
				B531993A280E0A2600016246 /* Screens */,
				B5319930280E078500016246 /* Preview Content */,
			);
			path = Podcast;
			sourceTree = "<group>";
		};
		B5319930280E078500016246 /* Preview Content */ = {
			isa = PBXGroup;
			children = (
				B5319931280E078500016246 /* Preview Assets.xcassets */,
			);
			path = "Preview Content";
			sourceTree = "<group>";
		};
		B531993A280E0A2600016246 /* Screens */ = {
			isa = PBXGroup;
			children = (
				B531992A280E078500016246 /* PodcastApp.swift */,
				B5319943280E115F00016246 /* Cells */,
				B5319940280E0E6800016246 /* Components */,
				B531993F280E0E6500016246 /* Views */,
			);
			path = Screens;
			sourceTree = "<group>";
		};
		B531993F280E0E6500016246 /* Views */ = {
			isa = PBXGroup;
			children = (
				B5319938280E0A2100016246 /* TabbarView.swift */,
				B531993B280E0AD000016246 /* BrowseView.swift */,
				B531993D280E0AF400016246 /* ListenNowView.swift */,
				B5DE033C282D43BF00EF19D5 /* PlayerView.swift */,
			);
			path = Views;
			sourceTree = "<group>";
		};
		B5319940280E0E6800016246 /* Components */ = {
			isa = PBXGroup;
			children = (
				B5319941280E0E8300016246 /* SectionHeaderView.swift */,
				B5319962280E98DF00016246 /* PlayingView.swift */,
				B5DE033E282D468E00EF19D5 /* MusicSlider.swift */,
				B5DE0340282E286300EF19D5 /* PlayControlView.swift */,
			);
			path = Components;
			sourceTree = "<group>";
		};
		B5319943280E115F00016246 /* Cells */ = {
			isa = PBXGroup;
			children = (
				B5319944280E117200016246 /* FeaturedView.swift */,
				B5319947280E154B00016246 /* FeaturedScrollView.swift */,
				B531994D280E4F8C00016246 /* RecentView.swift */,
				B5319951280E528000016246 /* RecentScrollView.swift */,
				B5319953280E5C4400016246 /* FeaturedChannelView.swift */,
				B5319956280E5E2200016246 /* FeaturedChannelsScrollView.swift */,
				B531995E280E856E00016246 /* TopEpisodesView.swift */,
				B5319960280E897600016246 /* EpisodesView.swift */,
			);
			path = Cells;
			sourceTree = "<group>";
		};
		B531994A280E159200016246 /* Models */ = {
			isa = PBXGroup;
			children = (
				B531994B280E15A200016246 /* Featured.swift */,
				B531994F280E516E00016246 /* Recent.swift */,
				B5319958280E5E5F00016246 /* ChannelInfo.swift */,
			);
			path = Models;
			sourceTree = "<group>";
		};
		B531995A280E844A00016246 /* Global */ = {
			isa = PBXGroup;
			children = (
				B5DE033B282D43AF00EF19D5 /* Resource */,
				B5319964280E9C5700016246 /* UIComponent */,
				B531995B280E844F00016246 /* Extension */,
			);
			path = Global;
			sourceTree = "<group>";
		};
		B531995B280E844F00016246 /* Extension */ = {
			isa = PBXGroup;
			children = (
				B531995C280E845A00016246 /* View+Extension.swift */,
			);
			path = Extension;
			sourceTree = "<group>";
		};
		B5319964280E9C5700016246 /* UIComponent */ = {
			isa = PBXGroup;
			children = (
			);
			path = UIComponent;
			sourceTree = "<group>";
		};
		B5DE033B282D43AF00EF19D5 /* Resource */ = {
			isa = PBXGroup;
			children = (
				B531992E280E078500016246 /* Assets.xcassets */,
			);
			path = Resource;
			sourceTree = "<group>";
		};
/* End PBXGroup section */

/* Begin PBXNativeTarget section */
		B5319926280E078500016246 /* Podcast */ = {
			isa = PBXNativeTarget;
			buildConfigurationList = B5319935280E078500016246 /* Build configuration list for PBXNativeTarget "Podcast" */;
			buildPhases = (
				B5319923280E078500016246 /* Sources */,
				B5319924280E078500016246 /* Frameworks */,
				B5319925280E078500016246 /* Resources */,
			);
			buildRules = (
			);
			dependencies = (
			);
			name = Podcast;
			productName = Podcast;
			productReference = B5319927280E078500016246 /* Podcast.app */;
			productType = "com.apple.product-type.application";
		};
/* End PBXNativeTarget section */

/* Begin PBXProject section */
		B531991F280E078500016246 /* Project object */ = {
			isa = PBXProject;
			attributes = {
				BuildIndependentTargetsInParallel = 1;
				LastSwiftUpdateCheck = 1320;
				LastUpgradeCheck = 1320;
				TargetAttributes = {
					B5319926280E078500016246 = {
						CreatedOnToolsVersion = 13.2.1;
					};
				};
			};
			buildConfigurationList = B5319922280E078500016246 /* Build configuration list for PBXProject "Podcast" */;
			compatibilityVersion = "Xcode 13.0";
			developmentRegion = en;
			hasScannedForEncodings = 0;
			knownRegions = (
				en,
				Base,
			);
			mainGroup = B531991E280E078500016246;
			productRefGroup = B5319928280E078500016246 /* Products */;
			projectDirPath = "";
			projectRoot = "";
			targets = (
				B5319926280E078500016246 /* Podcast */,
			);
		};
/* End PBXProject section */

/* Begin PBXResourcesBuildPhase section */
		B5319925280E078500016246 /* Resources */ = {
			isa = PBXResourcesBuildPhase;
			buildActionMask = 2147483647;
			files = (
				B5319932280E078500016246 /* Preview Assets.xcassets in Resources */,
				B531992F280E078500016246 /* Assets.xcassets in Resources */,
			);
			runOnlyForDeploymentPostprocessing = 0;
		};
/* End PBXResourcesBuildPhase section */

/* Begin PBXSourcesBuildPhase section */
		B5319923280E078500016246 /* Sources */ = {
			isa = PBXSourcesBuildPhase;
			buildActionMask = 2147483647;
			files = (
				B5DE033F282D468E00EF19D5 /* MusicSlider.swift in Sources */,
				B531993E280E0AF400016246 /* ListenNowView.swift in Sources */,
				B531994C280E15A200016246 /* Featured.swift in Sources */,
				B5319939280E0A2100016246 /* TabbarView.swift in Sources */,
				B5319942280E0E8300016246 /* SectionHeaderView.swift in Sources */,
				B531993C280E0AD000016246 /* BrowseView.swift in Sources */,
				B5319959280E5E5F00016246 /* ChannelInfo.swift in Sources */,
				B5319952280E528000016246 /* RecentScrollView.swift in Sources */,
				B531995D280E845A00016246 /* View+Extension.swift in Sources */,
				B5319945280E117200016246 /* FeaturedView.swift in Sources */,
				B531992B280E078500016246 /* PodcastApp.swift in Sources */,
				B531995F280E856E00016246 /* TopEpisodesView.swift in Sources */,
				B5319957280E5E2200016246 /* FeaturedChannelsScrollView.swift in Sources */,
				B5DE0341282E286300EF19D5 /* PlayControlView.swift in Sources */,
				B5319954280E5C4400016246 /* FeaturedChannelView.swift in Sources */,
				B531994E280E4F8C00016246 /* RecentView.swift in Sources */,
				B5319950280E516E00016246 /* Recent.swift in Sources */,
				B5319963280E98DF00016246 /* PlayingView.swift in Sources */,
				B5319948280E154B00016246 /* FeaturedScrollView.swift in Sources */,
				B5DE033D282D43BF00EF19D5 /* PlayerView.swift in Sources */,
				B5319961280E897600016246 /* EpisodesView.swift in Sources */,
			);
			runOnlyForDeploymentPostprocessing = 0;
		};
/* End PBXSourcesBuildPhase section */

/* Begin XCBuildConfiguration section */
		B5319933280E078500016246 /* Debug */ = {
			isa = XCBuildConfiguration;
			buildSettings = {
				ALWAYS_SEARCH_USER_PATHS = NO;
				CLANG_ANALYZER_NONNULL = YES;
				CLANG_ANALYZER_NUMBER_OBJECT_CONVERSION = YES_AGGRESSIVE;
				CLANG_CXX_LANGUAGE_STANDARD = "gnu++17";
				CLANG_CXX_LIBRARY = "libc++";
				CLANG_ENABLE_MODULES = YES;
				CLANG_ENABLE_OBJC_ARC = YES;
				CLANG_ENABLE_OBJC_WEAK = YES;
				CLANG_WARN_BLOCK_CAPTURE_AUTORELEASING = YES;
				CLANG_WARN_BOOL_CONVERSION = YES;
				CLANG_WARN_COMMA = YES;
				CLANG_WARN_CONSTANT_CONVERSION = YES;
				CLANG_WARN_DEPRECATED_OBJC_IMPLEMENTATIONS = YES;
				CLANG_WARN_DIRECT_OBJC_ISA_USAGE = YES_ERROR;
				CLANG_WARN_DOCUMENTATION_COMMENTS = YES;
				CLANG_WARN_EMPTY_BODY = YES;
				CLANG_WARN_ENUM_CONVERSION = YES;
				CLANG_WARN_INFINITE_RECURSION = YES;
				CLANG_WARN_INT_CONVERSION = YES;
				CLANG_WARN_NON_LITERAL_NULL_CONVERSION = YES;
				CLANG_WARN_OBJC_IMPLICIT_RETAIN_SELF = YES;
				CLANG_WARN_OBJC_LITERAL_CONVERSION = YES;
				CLANG_WARN_OBJC_ROOT_CLASS = YES_ERROR;
				CLANG_WARN_QUOTED_INCLUDE_IN_FRAMEWORK_HEADER = YES;
				CLANG_WARN_RANGE_LOOP_ANALYSIS = YES;
				CLANG_WARN_STRICT_PROTOTYPES = YES;
				CLANG_WARN_SUSPICIOUS_MOVE = YES;
				CLANG_WARN_UNGUARDED_AVAILABILITY = YES_AGGRESSIVE;
				CLANG_WARN_UNREACHABLE_CODE = YES;
				CLANG_WARN__DUPLICATE_METHOD_MATCH = YES;
				COPY_PHASE_STRIP = NO;
				DEBUG_INFORMATION_FORMAT = dwarf;
				ENABLE_STRICT_OBJC_MSGSEND = YES;
				ENABLE_TESTABILITY = YES;
				GCC_C_LANGUAGE_STANDARD = gnu11;
				GCC_DYNAMIC_NO_PIC = NO;
				GCC_NO_COMMON_BLOCKS = YES;
				GCC_OPTIMIZATION_LEVEL = 0;
				GCC_PREPROCESSOR_DEFINITIONS = (
					"DEBUG=1",
					"$(inherited)",
				);
				GCC_WARN_64_TO_32_BIT_CONVERSION = YES;
				GCC_WARN_ABOUT_RETURN_TYPE = YES_ERROR;
				GCC_WARN_UNDECLARED_SELECTOR = YES;
				GCC_WARN_UNINITIALIZED_AUTOS = YES_AGGRESSIVE;
				GCC_WARN_UNUSED_FUNCTION = YES;
				GCC_WARN_UNUSED_VARIABLE = YES;
				IPHONEOS_DEPLOYMENT_TARGET = 15.2;
				MTL_ENABLE_DEBUG_INFO = INCLUDE_SOURCE;
				MTL_FAST_MATH = YES;
				ONLY_ACTIVE_ARCH = YES;
				SDKROOT = iphoneos;
				SWIFT_ACTIVE_COMPILATION_CONDITIONS = DEBUG;
				SWIFT_OPTIMIZATION_LEVEL = "-Onone";
			};
			name = Debug;
		};
		B5319934280E078500016246 /* Release */ = {
			isa = XCBuildConfiguration;
			buildSettings = {
				ALWAYS_SEARCH_USER_PATHS = NO;
				CLANG_ANALYZER_NONNULL = YES;
				CLANG_ANALYZER_NUMBER_OBJECT_CONVERSION = YES_AGGRESSIVE;
				CLANG_CXX_LANGUAGE_STANDARD = "gnu++17";
				CLANG_CXX_LIBRARY = "libc++";
				CLANG_ENABLE_MODULES = YES;
				CLANG_ENABLE_OBJC_ARC = YES;
				CLANG_ENABLE_OBJC_WEAK = YES;
				CLANG_WARN_BLOCK_CAPTURE_AUTORELEASING = YES;
				CLANG_WARN_BOOL_CONVERSION = YES;
				CLANG_WARN_COMMA = YES;
				CLANG_WARN_CONSTANT_CONVERSION = YES;
				CLANG_WARN_DEPRECATED_OBJC_IMPLEMENTATIONS = YES;
				CLANG_WARN_DIRECT_OBJC_ISA_USAGE = YES_ERROR;
				CLANG_WARN_DOCUMENTATION_COMMENTS = YES;
				CLANG_WARN_EMPTY_BODY = YES;
				CLANG_WARN_ENUM_CONVERSION = YES;
				CLANG_WARN_INFINITE_RECURSION = YES;
				CLANG_WARN_INT_CONVERSION = YES;
				CLANG_WARN_NON_LITERAL_NULL_CONVERSION = YES;
				CLANG_WARN_OBJC_IMPLICIT_RETAIN_SELF = YES;
				CLANG_WARN_OBJC_LITERAL_CONVERSION = YES;
				CLANG_WARN_OBJC_ROOT_CLASS = YES_ERROR;
				CLANG_WARN_QUOTED_INCLUDE_IN_FRAMEWORK_HEADER = YES;
				CLANG_WARN_RANGE_LOOP_ANALYSIS = YES;
				CLANG_WARN_STRICT_PROTOTYPES = YES;
				CLANG_WARN_SUSPICIOUS_MOVE = YES;
				CLANG_WARN_UNGUARDED_AVAILABILITY = YES_AGGRESSIVE;
				CLANG_WARN_UNREACHABLE_CODE = YES;
				CLANG_WARN__DUPLICATE_METHOD_MATCH = YES;
				COPY_PHASE_STRIP = NO;
				DEBUG_INFORMATION_FORMAT = "dwarf-with-dsym";
				ENABLE_NS_ASSERTIONS = NO;
				ENABLE_STRICT_OBJC_MSGSEND = YES;
				GCC_C_LANGUAGE_STANDARD = gnu11;
				GCC_NO_COMMON_BLOCKS = YES;
				GCC_WARN_64_TO_32_BIT_CONVERSION = YES;
				GCC_WARN_ABOUT_RETURN_TYPE = YES_ERROR;
				GCC_WARN_UNDECLARED_SELECTOR = YES;
				GCC_WARN_UNINITIALIZED_AUTOS = YES_AGGRESSIVE;
				GCC_WARN_UNUSED_FUNCTION = YES;
				GCC_WARN_UNUSED_VARIABLE = YES;
				IPHONEOS_DEPLOYMENT_TARGET = 15.2;
				MTL_ENABLE_DEBUG_INFO = NO;
				MTL_FAST_MATH = YES;
				SDKROOT = iphoneos;
				SWIFT_COMPILATION_MODE = wholemodule;
				SWIFT_OPTIMIZATION_LEVEL = "-O";
				VALIDATE_PRODUCT = YES;
			};
			name = Release;
		};
		B5319936280E078500016246 /* Debug */ = {
			isa = XCBuildConfiguration;
			buildSettings = {
				ASSETCATALOG_COMPILER_APPICON_NAME = AppIcon;
				ASSETCATALOG_COMPILER_GLOBAL_ACCENT_COLOR_NAME = AccentColor;
				CODE_SIGN_STYLE = Automatic;
				CURRENT_PROJECT_VERSION = 1;
				DEVELOPMENT_ASSET_PATHS = "\"Podcast/Preview Content\"";
				ENABLE_PREVIEWS = YES;
				GENERATE_INFOPLIST_FILE = YES;
				INFOPLIST_KEY_UIApplicationSceneManifest_Generation = YES;
				INFOPLIST_KEY_UIApplicationSupportsIndirectInputEvents = YES;
				INFOPLIST_KEY_UILaunchScreen_Generation = YES;
				INFOPLIST_KEY_UISupportedInterfaceOrientations_iPad = "UIInterfaceOrientationPortrait UIInterfaceOrientationPortraitUpsideDown UIInterfaceOrientationLandscapeLeft UIInterfaceOrientationLandscapeRight";
				INFOPLIST_KEY_UISupportedInterfaceOrientations_iPhone = "UIInterfaceOrientationPortrait UIInterfaceOrientationLandscapeLeft UIInterfaceOrientationLandscapeRight";
				LD_RUNPATH_SEARCH_PATHS = (
					"$(inherited)",
					"@executable_path/Frameworks",
				);
				MARKETING_VERSION = 1.0;
				PRODUCT_BUNDLE_IDENTIFIER = com.yoonah.Podcast;
				PRODUCT_NAME = "$(TARGET_NAME)";
				SWIFT_EMIT_LOC_STRINGS = YES;
				SWIFT_VERSION = 5.0;
				TARGETED_DEVICE_FAMILY = "1,2";
			};
			name = Debug;
		};
		B5319937280E078500016246 /* Release */ = {
			isa = XCBuildConfiguration;
			buildSettings = {
				ASSETCATALOG_COMPILER_APPICON_NAME = AppIcon;
				ASSETCATALOG_COMPILER_GLOBAL_ACCENT_COLOR_NAME = AccentColor;
				CODE_SIGN_STYLE = Automatic;
				CURRENT_PROJECT_VERSION = 1;
				DEVELOPMENT_ASSET_PATHS = "\"Podcast/Preview Content\"";
				ENABLE_PREVIEWS = YES;
				GENERATE_INFOPLIST_FILE = YES;
				INFOPLIST_KEY_UIApplicationSceneManifest_Generation = YES;
				INFOPLIST_KEY_UIApplicationSupportsIndirectInputEvents = YES;
				INFOPLIST_KEY_UILaunchScreen_Generation = YES;
				INFOPLIST_KEY_UISupportedInterfaceOrientations_iPad = "UIInterfaceOrientationPortrait UIInterfaceOrientationPortraitUpsideDown UIInterfaceOrientationLandscapeLeft UIInterfaceOrientationLandscapeRight";
				INFOPLIST_KEY_UISupportedInterfaceOrientations_iPhone = "UIInterfaceOrientationPortrait UIInterfaceOrientationLandscapeLeft UIInterfaceOrientationLandscapeRight";
				LD_RUNPATH_SEARCH_PATHS = (
					"$(inherited)",
					"@executable_path/Frameworks",
				);
				MARKETING_VERSION = 1.0;
				PRODUCT_BUNDLE_IDENTIFIER = com.yoonah.Podcast;
				PRODUCT_NAME = "$(TARGET_NAME)";
				SWIFT_EMIT_LOC_STRINGS = YES;
				SWIFT_VERSION = 5.0;
				TARGETED_DEVICE_FAMILY = "1,2";
			};
			name = Release;
		};
/* End XCBuildConfiguration section */

/* Begin XCConfigurationList section */
		B5319922280E078500016246 /* Build configuration list for PBXProject "Podcast" */ = {
			isa = XCConfigurationList;
			buildConfigurations = (
				B5319933280E078500016246 /* Debug */,
				B5319934280E078500016246 /* Release */,
			);
			defaultConfigurationIsVisible = 0;
			defaultConfigurationName = Release;
		};
		B5319935280E078500016246 /* Build configuration list for PBXNativeTarget "Podcast" */ = {
			isa = XCConfigurationList;
			buildConfigurations = (
				B5319936280E078500016246 /* Debug */,
				B5319937280E078500016246 /* Release */,
			);
			defaultConfigurationIsVisible = 0;
			defaultConfigurationName = Release;
		};
/* End XCConfigurationList section */
	};
	rootObject = B531991F280E078500016246 /* Project object */;
}
